// !$*UTF8*$!
{
	archiveVersion = 1;
	classes = {
	};
	objectVersion = 55;
	objects = {

/* Begin PBXBuildFile section */
		F2ECC4E426A9B43A00BF01C6 /* ConcurrencyMessingAroundApp.swift in Sources */ = {isa = PBXBuildFile; fileRef = F2ECC4E326A9B43A00BF01C6 /* ConcurrencyMessingAroundApp.swift */; };
		F2ECC4E626A9B43A00BF01C6 /* ContentView.swift in Sources */ = {isa = PBXBuildFile; fileRef = F2ECC4E526A9B43A00BF01C6 /* ContentView.swift */; };
		F2ECC4E826A9B43C00BF01C6 /* Assets.xcassets in Resources */ = {isa = PBXBuildFile; fileRef = F2ECC4E726A9B43C00BF01C6 /* Assets.xcassets */; };
		F2ECC4EB26A9B43C00BF01C6 /* Preview Assets.xcassets in Resources */ = {isa = PBXBuildFile; fileRef = F2ECC4EA26A9B43C00BF01C6 /* Preview Assets.xcassets */; };
		F2ECC4F226A9B47100BF01C6 /* UserFetchingClient.swift in Sources */ = {isa = PBXBuildFile; fileRef = F2ECC4F126A9B47100BF01C6 /* UserFetchingClient.swift */; };
		F2ECC4F426A9B4B000BF01C6 /* User.swift in Sources */ = {isa = PBXBuildFile; fileRef = F2ECC4F326A9B4B000BF01C6 /* User.swift */; };
		F2ECC4F626A9CAE100BF01C6 /* UserData.swift in Sources */ = {isa = PBXBuildFile; fileRef = F2ECC4F526A9CAE100BF01C6 /* UserData.swift */; };
/* End PBXBuildFile section */

/* Begin PBXFileReference section */
		F2ECC4E026A9B43A00BF01C6 /* ConcurrencyMessingAround.app */ = {isa = PBXFileReference; explicitFileType = wrapper.application; includeInIndex = 0; path = ConcurrencyMessingAround.app; sourceTree = BUILT_PRODUCTS_DIR; };
		F2ECC4E326A9B43A00BF01C6 /* ConcurrencyMessingAroundApp.swift */ = {isa = PBXFileReference; lastKnownFileType = sourcecode.swift; path = ConcurrencyMessingAroundApp.swift; sourceTree = "<group>"; };
		F2ECC4E526A9B43A00BF01C6 /* ContentView.swift */ = {isa = PBXFileReference; lastKnownFileType = sourcecode.swift; path = ContentView.swift; sourceTree = "<group>"; };
		F2ECC4E726A9B43C00BF01C6 /* Assets.xcassets */ = {isa = PBXFileReference; lastKnownFileType = folder.assetcatalog; path = Assets.xcassets; sourceTree = "<group>"; };
		F2ECC4EA26A9B43C00BF01C6 /* Preview Assets.xcassets */ = {isa = PBXFileReference; lastKnownFileType = folder.assetcatalog; path = "Preview Assets.xcassets"; sourceTree = "<group>"; };
		F2ECC4F126A9B47100BF01C6 /* UserFetchingClient.swift */ = {isa = PBXFileReference; lastKnownFileType = sourcecode.swift; path = UserFetchingClient.swift; sourceTree = "<group>"; };
		F2ECC4F326A9B4B000BF01C6 /* User.swift */ = {isa = PBXFileReference; lastKnownFileType = sourcecode.swift; path = User.swift; sourceTree = "<group>"; };
		F2ECC4F526A9CAE100BF01C6 /* UserData.swift */ = {isa = PBXFileReference; lastKnownFileType = sourcecode.swift; path = UserData.swift; sourceTree = "<group>"; };
/* End PBXFileReference section */

/* Begin PBXFrameworksBuildPhase section */
		F2ECC4DD26A9B43A00BF01C6 /* Frameworks */ = {
			isa = PBXFrameworksBuildPhase;
			buildActionMask = 2147483647;
			files = (
			);
			runOnlyForDeploymentPostprocessing = 0;
		};
/* End PBXFrameworksBuildPhase section */

/* Begin PBXGroup section */
		F2ECC4D726A9B43A00BF01C6 = {
			isa = PBXGroup;
			children = (
				F2ECC4E226A9B43A00BF01C6 /* ConcurrencyMessingAround */,
				F2ECC4E126A9B43A00BF01C6 /* Products */,
			);
			sourceTree = "<group>";
		};
		F2ECC4E126A9B43A00BF01C6 /* Products */ = {
			isa = PBXGroup;
			children = (
				F2ECC4E026A9B43A00BF01C6 /* ConcurrencyMessingAround.app */,
			);
			name = Products;
			sourceTree = "<group>";
		};
		F2ECC4E226A9B43A00BF01C6 /* ConcurrencyMessingAround */ = {
			isa = PBXGroup;
			children = (
				F2ECC4E326A9B43A00BF01C6 /* ConcurrencyMessingAroundApp.swift */,
				F2ECC4E526A9B43A00BF01C6 /* ContentView.swift */,
				F2ECC4F126A9B47100BF01C6 /* UserFetchingClient.swift */,
				F2ECC4F326A9B4B000BF01C6 /* User.swift */,
				F2ECC4F526A9CAE100BF01C6 /* UserData.swift */,
				F2ECC4E726A9B43C00BF01C6 /* Assets.xcassets */,
				F2ECC4E926A9B43C00BF01C6 /* Preview Content */,
			);
			path = ConcurrencyMessingAround;
			sourceTree = "<group>";
		};
		F2ECC4E926A9B43C00BF01C6 /* Preview Content */ = {
			isa = PBXGroup;
			children = (
				F2ECC4EA26A9B43C00BF01C6 /* Preview Assets.xcassets */,
			);
			path = "Preview Content";
			sourceTree = "<group>";
		};
/* End PBXGroup section */

/* Begin PBXNativeTarget section */
		F2ECC4DF26A9B43A00BF01C6 /* ConcurrencyMessingAround */ = {
			isa = PBXNativeTarget;
			buildConfigurationList = F2ECC4EE26A9B43C00BF01C6 /* Build configuration list for PBXNativeTarget "ConcurrencyMessingAround" */;
			buildPhases = (
				F2ECC4DC26A9B43A00BF01C6 /* Sources */,
				F2ECC4DD26A9B43A00BF01C6 /* Frameworks */,
				F2ECC4DE26A9B43A00BF01C6 /* Resources */,
			);
			buildRules = (
			);
			dependencies = (
			);
			name = ConcurrencyMessingAround;
			productName = ConcurrencyMessingAround;
			productReference = F2ECC4E026A9B43A00BF01C6 /* ConcurrencyMessingAround.app */;
			productType = "com.apple.product-type.application";
		};
/* End PBXNativeTarget section */

/* Begin PBXProject section */
		F2ECC4D826A9B43A00BF01C6 /* Project object */ = {
			isa = PBXProject;
			attributes = {
				BuildIndependentTargetsInParallel = 1;
				LastSwiftUpdateCheck = 1300;
				LastUpgradeCheck = 1300;
				TargetAttributes = {
					F2ECC4DF26A9B43A00BF01C6 = {
						CreatedOnToolsVersion = 13.0;
					};
				};
			};
			buildConfigurationList = F2ECC4DB26A9B43A00BF01C6 /* Build configuration list for PBXProject "ConcurrencyMessingAround" */;
			compatibilityVersion = "Xcode 13.0";
			developmentRegion = en;
			hasScannedForEncodings = 0;
			knownRegions = (
				en,
				Base,
			);
			mainGroup = F2ECC4D726A9B43A00BF01C6;
			productRefGroup = F2ECC4E126A9B43A00BF01C6 /* Products */;
			projectDirPath = "";
			projectRoot = "";
			targets = (
				F2ECC4DF26A9B43A00BF01C6 /* ConcurrencyMessingAround */,
			);
		};
/* End PBXProject section */

/* Begin PBXResourcesBuildPhase section */
		F2ECC4DE26A9B43A00BF01C6 /* Resources */ = {
			isa = PBXResourcesBuildPhase;
			buildActionMask = 2147483647;
			files = (
				F2ECC4EB26A9B43C00BF01C6 /* Preview Assets.xcassets in Resources */,
				F2ECC4E826A9B43C00BF01C6 /* Assets.xcassets in Resources */,
			);
			runOnlyForDeploymentPostprocessing = 0;
		};
/* End PBXResourcesBuildPhase section */

/* Begin PBXSourcesBuildPhase section */
		F2ECC4DC26A9B43A00BF01C6 /* Sources */ = {
			isa = PBXSourcesBuildPhase;
			buildActionMask = 2147483647;
			files = (
				F2ECC4F426A9B4B000BF01C6 /* User.swift in Sources */,
				F2ECC4E626A9B43A00BF01C6 /* ContentView.swift in Sources */,
				F2ECC4E426A9B43A00BF01C6 /* ConcurrencyMessingAroundApp.swift in Sources */,
				F2ECC4F626A9CAE100BF01C6 /* UserData.swift in Sources */,
				F2ECC4F226A9B47100BF01C6 /* UserFetchingClient.swift in Sources */,
			);
			runOnlyForDeploymentPostprocessing = 0;
		};
/* End PBXSourcesBuildPhase section */

/* Begin XCBuildConfiguration section */
		F2ECC4EC26A9B43C00BF01C6 /* Debug */ = {
			isa = XCBuildConfiguration;
			buildSettings = {
				ALWAYS_SEARCH_USER_PATHS = NO;
				CLANG_ANALYZER_NONNULL = YES;
				CLANG_ANALYZER_NUMBER_OBJECT_CONVERSION = YES_AGGRESSIVE;
				CLANG_CXX_LANGUAGE_STANDARD = "gnu++17";
				CLANG_CXX_LIBRARY = "libc++";
				CLANG_ENABLE_MODULES = YES;
				CLANG_ENABLE_OBJC_ARC = YES;
				CLANG_ENABLE_OBJC_WEAK = YES;
				CLANG_WARN_BLOCK_CAPTURE_AUTORELEASING = YES;
				CLANG_WARN_BOOL_CONVERSION = YES;
				CLANG_WARN_COMMA = YES;
				CLANG_WARN_CONSTANT_CONVERSION = YES;
				CLANG_WARN_DEPRECATED_OBJC_IMPLEMENTATIONS = YES;
				CLANG_WARN_DIRECT_OBJC_ISA_USAGE = YES_ERROR;
				CLANG_WARN_DOCUMENTATION_COMMENTS = YES;
				CLANG_WARN_EMPTY_BODY = YES;
				CLANG_WARN_ENUM_CONVERSION = YES;
				CLANG_WARN_INFINITE_RECURSION = YES;
				CLANG_WARN_INT_CONVERSION = YES;
				CLANG_WARN_NON_LITERAL_NULL_CONVERSION = YES;
				CLANG_WARN_OBJC_IMPLICIT_RETAIN_SELF = YES;
				CLANG_WARN_OBJC_LITERAL_CONVERSION = YES;
				CLANG_WARN_OBJC_ROOT_CLASS = YES_ERROR;
				CLANG_WARN_QUOTED_INCLUDE_IN_FRAMEWORK_HEADER = YES;
				CLANG_WARN_RANGE_LOOP_ANALYSIS = YES;
				CLANG_WARN_STRICT_PROTOTYPES = YES;
				CLANG_WARN_SUSPICIOUS_MOVE = YES;
				CLANG_WARN_UNGUARDED_AVAILABILITY = YES_AGGRESSIVE;
				CLANG_WARN_UNREACHABLE_CODE = YES;
				CLANG_WARN__DUPLICATE_METHOD_MATCH = YES;
				COPY_PHASE_STRIP = NO;
				DEBUG_INFORMATION_FORMAT = dwarf;
				ENABLE_STRICT_OBJC_MSGSEND = YES;
				ENABLE_TESTABILITY = YES;
				GCC_C_LANGUAGE_STANDARD = gnu11;
				GCC_DYNAMIC_NO_PIC = NO;
				GCC_NO_COMMON_BLOCKS = YES;
				GCC_OPTIMIZATION_LEVEL = 0;
				GCC_PREPROCESSOR_DEFINITIONS = (
					"DEBUG=1",
					"$(inherited)",
				);
				GCC_WARN_64_TO_32_BIT_CONVERSION = YES;
				GCC_WARN_ABOUT_RETURN_TYPE = YES_ERROR;
				GCC_WARN_UNDECLARED_SELECTOR = YES;
				GCC_WARN_UNINITIALIZED_AUTOS = YES_AGGRESSIVE;
				GCC_WARN_UNUSED_FUNCTION = YES;
				GCC_WARN_UNUSED_VARIABLE = YES;
				IPHONEOS_DEPLOYMENT_TARGET = 15.0;
				MTL_ENABLE_DEBUG_INFO = INCLUDE_SOURCE;
				MTL_FAST_MATH = YES;
				ONLY_ACTIVE_ARCH = YES;
				SDKROOT = iphoneos;
				SWIFT_ACTIVE_COMPILATION_CONDITIONS = DEBUG;
				SWIFT_OPTIMIZATION_LEVEL = "-Onone";
			};
			name = Debug;
		};
		F2ECC4ED26A9B43C00BF01C6 /* Release */ = {
			isa = XCBuildConfiguration;
			buildSettings = {
				ALWAYS_SEARCH_USER_PATHS = NO;
				CLANG_ANALYZER_NONNULL = YES;
				CLANG_ANALYZER_NUMBER_OBJECT_CONVERSION = YES_AGGRESSIVE;
				CLANG_CXX_LANGUAGE_STANDARD = "gnu++17";
				CLANG_CXX_LIBRARY = "libc++";
				CLANG_ENABLE_MODULES = YES;
				CLANG_ENABLE_OBJC_ARC = YES;
				CLANG_ENABLE_OBJC_WEAK = YES;
				CLANG_WARN_BLOCK_CAPTURE_AUTORELEASING = YES;
				CLANG_WARN_BOOL_CONVERSION = YES;
				CLANG_WARN_COMMA = YES;
				CLANG_WARN_CONSTANT_CONVERSION = YES;
				CLANG_WARN_DEPRECATED_OBJC_IMPLEMENTATIONS = YES;
				CLANG_WARN_DIRECT_OBJC_ISA_USAGE = YES_ERROR;
				CLANG_WARN_DOCUMENTATION_COMMENTS = YES;
				CLANG_WARN_EMPTY_BODY = YES;
				CLANG_WARN_ENUM_CONVERSION = YES;
				CLANG_WARN_INFINITE_RECURSION = YES;
				CLANG_WARN_INT_CONVERSION = YES;
				CLANG_WARN_NON_LITERAL_NULL_CONVERSION = YES;
				CLANG_WARN_OBJC_IMPLICIT_RETAIN_SELF = YES;
				CLANG_WARN_OBJC_LITERAL_CONVERSION = YES;
				CLANG_WARN_OBJC_ROOT_CLASS = YES_ERROR;
				CLANG_WARN_QUOTED_INCLUDE_IN_FRAMEWORK_HEADER = YES;
				CLANG_WARN_RANGE_LOOP_ANALYSIS = YES;
				CLANG_WARN_STRICT_PROTOTYPES = YES;
				CLANG_WARN_SUSPICIOUS_MOVE = YES;
				CLANG_WARN_UNGUARDED_AVAILABILITY = YES_AGGRESSIVE;
				CLANG_WARN_UNREACHABLE_CODE = YES;
				CLANG_WARN__DUPLICATE_METHOD_MATCH = YES;
				COPY_PHASE_STRIP = NO;
				DEBUG_INFORMATION_FORMAT = "dwarf-with-dsym";
				ENABLE_NS_ASSERTIONS = NO;
				ENABLE_STRICT_OBJC_MSGSEND = YES;
				GCC_C_LANGUAGE_STANDARD = gnu11;
				GCC_NO_COMMON_BLOCKS = YES;
				GCC_WARN_64_TO_32_BIT_CONVERSION = YES;
				GCC_WARN_ABOUT_RETURN_TYPE = YES_ERROR;
				GCC_WARN_UNDECLARED_SELECTOR = YES;
				GCC_WARN_UNINITIALIZED_AUTOS = YES_AGGRESSIVE;
				GCC_WARN_UNUSED_FUNCTION = YES;
				GCC_WARN_UNUSED_VARIABLE = YES;
				IPHONEOS_DEPLOYMENT_TARGET = 15.0;
				MTL_ENABLE_DEBUG_INFO = NO;
				MTL_FAST_MATH = YES;
				SDKROOT = iphoneos;
				SWIFT_COMPILATION_MODE = wholemodule;
				SWIFT_OPTIMIZATION_LEVEL = "-O";
				VALIDATE_PRODUCT = YES;
			};
			name = Release;
		};
		F2ECC4EF26A9B43C00BF01C6 /* Debug */ = {
			isa = XCBuildConfiguration;
			buildSettings = {
				ASSETCATALOG_COMPILER_APPICON_NAME = AppIcon;
				ASSETCATALOG_COMPILER_GLOBAL_ACCENT_COLOR_NAME = AccentColor;
				CODE_SIGN_STYLE = Automatic;
				CURRENT_PROJECT_VERSION = 1;
				DEVELOPMENT_ASSET_PATHS = "\"ConcurrencyMessingAround/Preview Content\"";
				DEVELOPMENT_TEAM = 76LC8AC986;
				ENABLE_PREVIEWS = YES;
				GENERATE_INFOPLIST_FILE = YES;
				INFOPLIST_KEY_UIApplicationSceneManifest_Generation = YES;
				INFOPLIST_KEY_UIApplicationSupportsIndirectInputEvents = YES;
				INFOPLIST_KEY_UILaunchScreen_Generation = YES;
				INFOPLIST_KEY_UISupportedInterfaceOrientations_iPad = "UIInterfaceOrientationPortrait UIInterfaceOrientationPortraitUpsideDown UIInterfaceOrientationLandscapeLeft UIInterfaceOrientationLandscapeRight";
				INFOPLIST_KEY_UISupportedInterfaceOrientations_iPhone = "UIInterfaceOrientationPortrait UIInterfaceOrientationLandscapeLeft UIInterfaceOrientationLandscapeRight";
				IPHONEOS_DEPLOYMENT_TARGET = 15.0;
				LD_RUNPATH_SEARCH_PATHS = (
					"$(inherited)",
					"@executable_path/Frameworks",
				);
				MARKETING_VERSION = 1.0;
				PRODUCT_BUNDLE_IDENTIFIER = com.codecademy.ConcurrencyMessingAround;
				PRODUCT_NAME = "$(TARGET_NAME)";
				SWIFT_EMIT_LOC_STRINGS = YES;
				SWIFT_VERSION = 5.0;
				TARGETED_DEVICE_FAMILY = "1,2";
			};
			name = Debug;
		};
		F2ECC4F026A9B43C00BF01C6 /* Release */ = {
			isa = XCBuildConfiguration;
			buildSettings = {
				ASSETCATALOG_COMPILER_APPICON_NAME = AppIcon;
				ASSETCATALOG_COMPILER_GLOBAL_ACCENT_COLOR_NAME = AccentColor;
				CODE_SIGN_STYLE = Automatic;
				CURRENT_PROJECT_VERSION = 1;
				DEVELOPMENT_ASSET_PATHS = "\"ConcurrencyMessingAround/Preview Content\"";
				DEVELOPMENT_TEAM = 76LC8AC986;
				ENABLE_PREVIEWS = YES;
				GENERATE_INFOPLIST_FILE = YES;
				INFOPLIST_KEY_UIApplicationSceneManifest_Generation = YES;
				INFOPLIST_KEY_UIApplicationSupportsIndirectInputEvents = YES;
				INFOPLIST_KEY_UILaunchScreen_Generation = YES;
				INFOPLIST_KEY_UISupportedInterfaceOrientations_iPad = "UIInterfaceOrientationPortrait UIInterfaceOrientationPortraitUpsideDown UIInterfaceOrientationLandscapeLeft UIInterfaceOrientationLandscapeRight";
				INFOPLIST_KEY_UISupportedInterfaceOrientations_iPhone = "UIInterfaceOrientationPortrait UIInterfaceOrientationLandscapeLeft UIInterfaceOrientationLandscapeRight";
				IPHONEOS_DEPLOYMENT_TARGET = 15.0;
				LD_RUNPATH_SEARCH_PATHS = (
					"$(inherited)",
					"@executable_path/Frameworks",
				);
				MARKETING_VERSION = 1.0;
				PRODUCT_BUNDLE_IDENTIFIER = com.codecademy.ConcurrencyMessingAround;
				PRODUCT_NAME = "$(TARGET_NAME)";
				SWIFT_EMIT_LOC_STRINGS = YES;
				SWIFT_VERSION = 5.0;
				TARGETED_DEVICE_FAMILY = "1,2";
			};
			name = Release;
		};
/* End XCBuildConfiguration section */

/* Begin XCConfigurationList section */
		F2ECC4DB26A9B43A00BF01C6 /* Build configuration list for PBXProject "ConcurrencyMessingAround" */ = {
			isa = XCConfigurationList;
			buildConfigurations = (
				F2ECC4EC26A9B43C00BF01C6 /* Debug */,
				F2ECC4ED26A9B43C00BF01C6 /* Release */,
			);
			defaultConfigurationIsVisible = 0;
			defaultConfigurationName = Release;
		};
		F2ECC4EE26A9B43C00BF01C6 /* Build configuration list for PBXNativeTarget "ConcurrencyMessingAround" */ = {
			isa = XCConfigurationList;
			buildConfigurations = (
				F2ECC4EF26A9B43C00BF01C6 /* Debug */,
				F2ECC4F026A9B43C00BF01C6 /* Release */,
			);
			defaultConfigurationIsVisible = 0;
			defaultConfigurationName = Release;
		};
/* End XCConfigurationList section */
	};
	rootObject = F2ECC4D826A9B43A00BF01C6 /* Project object */;
}
